
Microsoft Visual Studio Solution File, Format Version 12.00
Project("{FAE04EC0-301F-11D3-BF4B-00C04F79EFBC}") = "AdBlock", "AdBlock\AdBlock.csproj", "{27D0A194-B06D-47CB-9A78-32667B8DE528}"
EndProject
Global
	GlobalSection(SolutionConfigurationPlatforms) = preSolution
		Debug|Any CPU = Debug|Any CPU
		Release|Any CPU = Release|Any CPU
	EndGlobalSection
	GlobalSection(ProjectConfigurationPlatforms) = postSolution
		{27D0A194-B06D-47CB-9A78-32667B8DE528}.Debug|Any CPU.ActiveCfg = Debug|Any CPU
		{27D0A194-B06D-47CB-9A78-32667B8DE528}.Debug|Any CPU.Build.0 = Debug|Any CPU
		{27D0A194-B06D-47CB-9A78-32667B8DE528}.Release|Any CPU.ActiveCfg = Release|Any CPU
		{27D0A194-B06D-47CB-9A78-32667B8DE528}.Release|Any CPU.Build.0 = Release|Any CPU
	EndGlobalSection
EndGlobal
